
Microsoft Visual Studio Solution File, Format Version 12.00
# Visual Studio 2013
VisualStudioVersion = 12.0.31101.0
MinimumVisualStudioVersion = 10.0.40219.1
Project("{2150E333-8FDC-42A3-9474-1A3956D46DE8}") = "Development", "Development", "{3B45103F-3921-4AE7-B191-0CA3EAEA7568}"
EndProject
Project("{2150E333-8FDC-42A3-9474-1A3956D46DE8}") = "Quality", "Quality", "{47A24F81-6502-41DA-AF43-46C871A24E16}"
EndProject
Project("{FAE04EC0-301F-11D3-BF4B-00C04F79EFBC}") = "Sky7.CSharpChips", "Development\Sky7.CSharpChips\Sky7.CSharpChips.csproj", "{2445B986-0958-4B8A-ADD0-32F0B0A47276}"
EndProject
Global
	GlobalSection(SolutionConfigurationPlatforms) = preSolution
		Debug|Any CPU = Debug|Any CPU
		Release|Any CPU = Release|Any CPU
	EndGlobalSection
	GlobalSection(ProjectConfigurationPlatforms) = postSolution
		{2445B986-0958-4B8A-ADD0-32F0B0A47276}.Debug|Any CPU.ActiveCfg = Debug|Any CPU
		{2445B986-0958-4B8A-ADD0-32F0B0A47276}.Debug|Any CPU.Build.0 = Debug|Any CPU
		{2445B986-0958-4B8A-ADD0-32F0B0A47276}.Release|Any CPU.ActiveCfg = Release|Any CPU
		{2445B986-0958-4B8A-ADD0-32F0B0A47276}.Release|Any CPU.Build.0 = Release|Any CPU
	EndGlobalSection
	GlobalSection(SolutionProperties) = preSolution
		HideSolutionNode = FALSE
	EndGlobalSection
	GlobalSection(NestedProjects) = preSolution
		{2445B986-0958-4B8A-ADD0-32F0B0A47276} = {3B45103F-3921-4AE7-B191-0CA3EAEA7568}
	EndGlobalSection
EndGlobal
